// !$*UTF8*$!
{
	archiveVersion = 1;
	classes = {
	};
	objectVersion = 55;
	objects = {

/* Begin PBXBuildFile section */
		3675E1132870A195000F6C96 /* SUP_ProjectApp.swift in Sources */ = {isa = PBXBuildFile; fileRef = 3675E1122870A195000F6C96 /* SUP_ProjectApp.swift */; };
		3675E1152870A195000F6C96 /* ContentView.swift in Sources */ = {isa = PBXBuildFile; fileRef = 3675E1142870A195000F6C96 /* ContentView.swift */; };
		3675E1172870A196000F6C96 /* Assets.xcassets in Resources */ = {isa = PBXBuildFile; fileRef = 3675E1162870A196000F6C96 /* Assets.xcassets */; };
		3675E11A2870A197000F6C96 /* Preview Assets.xcassets in Resources */ = {isa = PBXBuildFile; fileRef = 3675E1192870A197000F6C96 /* Preview Assets.xcassets */; };
		3675E1242870A197000F6C96 /* SUP_ProjectTests.swift in Sources */ = {isa = PBXBuildFile; fileRef = 3675E1232870A197000F6C96 /* SUP_ProjectTests.swift */; };
		3675E12E2870A197000F6C96 /* SUP_ProjectUITests.swift in Sources */ = {isa = PBXBuildFile; fileRef = 3675E12D2870A197000F6C96 /* SUP_ProjectUITests.swift */; };
		3675E1302870A197000F6C96 /* SUP_ProjectUITestsLaunchTests.swift in Sources */ = {isa = PBXBuildFile; fileRef = 3675E12F2870A197000F6C96 /* SUP_ProjectUITestsLaunchTests.swift */; };
/* End PBXBuildFile section */

/* Begin PBXContainerItemProxy section */
		3675E1202870A197000F6C96 /* PBXContainerItemProxy */ = {
			isa = PBXContainerItemProxy;
			containerPortal = 3675E1072870A195000F6C96 /* Project object */;
			proxyType = 1;
			remoteGlobalIDString = 3675E10E2870A195000F6C96;
			remoteInfo = "SUP-Project";
		};
		3675E12A2870A197000F6C96 /* PBXContainerItemProxy */ = {
			isa = PBXContainerItemProxy;
			containerPortal = 3675E1072870A195000F6C96 /* Project object */;
			proxyType = 1;
			remoteGlobalIDString = 3675E10E2870A195000F6C96;
			remoteInfo = "SUP-Project";
		};
/* End PBXContainerItemProxy section */

/* Begin PBXFileReference section */
		3675E10F2870A195000F6C96 /* SUP-Project.app */ = {isa = PBXFileReference; explicitFileType = wrapper.application; includeInIndex = 0; path = "SUP-Project.app"; sourceTree = BUILT_PRODUCTS_DIR; };
		3675E1122870A195000F6C96 /* SUP_ProjectApp.swift */ = {isa = PBXFileReference; lastKnownFileType = sourcecode.swift; path = SUP_ProjectApp.swift; sourceTree = "<group>"; };
		3675E1142870A195000F6C96 /* ContentView.swift */ = {isa = PBXFileReference; lastKnownFileType = sourcecode.swift; path = ContentView.swift; sourceTree = "<group>"; };
		3675E1162870A196000F6C96 /* Assets.xcassets */ = {isa = PBXFileReference; lastKnownFileType = folder.assetcatalog; path = Assets.xcassets; sourceTree = "<group>"; };
		3675E1192870A197000F6C96 /* Preview Assets.xcassets */ = {isa = PBXFileReference; lastKnownFileType = folder.assetcatalog; path = "Preview Assets.xcassets"; sourceTree = "<group>"; };
		3675E11F2870A197000F6C96 /* SUP-ProjectTests.xctest */ = {isa = PBXFileReference; explicitFileType = wrapper.cfbundle; includeInIndex = 0; path = "SUP-ProjectTests.xctest"; sourceTree = BUILT_PRODUCTS_DIR; };
		3675E1232870A197000F6C96 /* SUP_ProjectTests.swift */ = {isa = PBXFileReference; lastKnownFileType = sourcecode.swift; path = SUP_ProjectTests.swift; sourceTree = "<group>"; };
		3675E1292870A197000F6C96 /* SUP-ProjectUITests.xctest */ = {isa = PBXFileReference; explicitFileType = wrapper.cfbundle; includeInIndex = 0; path = "SUP-ProjectUITests.xctest"; sourceTree = BUILT_PRODUCTS_DIR; };
		3675E12D2870A197000F6C96 /* SUP_ProjectUITests.swift */ = {isa = PBXFileReference; lastKnownFileType = sourcecode.swift; path = SUP_ProjectUITests.swift; sourceTree = "<group>"; };
		3675E12F2870A197000F6C96 /* SUP_ProjectUITestsLaunchTests.swift */ = {isa = PBXFileReference; lastKnownFileType = sourcecode.swift; path = SUP_ProjectUITestsLaunchTests.swift; sourceTree = "<group>"; };
/* End PBXFileReference section */

/* Begin PBXFrameworksBuildPhase section */
		3675E10C2870A195000F6C96 /* Frameworks */ = {
			isa = PBXFrameworksBuildPhase;
			buildActionMask = 2147483647;
			files = (
			);
			runOnlyForDeploymentPostprocessing = 0;
		};
		3675E11C2870A197000F6C96 /* Frameworks */ = {
			isa = PBXFrameworksBuildPhase;
			buildActionMask = 2147483647;
			files = (
			);
			runOnlyForDeploymentPostprocessing = 0;
		};
		3675E1262870A197000F6C96 /* Frameworks */ = {
			isa = PBXFrameworksBuildPhase;
			buildActionMask = 2147483647;
			files = (
			);
			runOnlyForDeploymentPostprocessing = 0;
		};
/* End PBXFrameworksBuildPhase section */

/* Begin PBXGroup section */
		3675E1062870A195000F6C96 = {
			isa = PBXGroup;
			children = (
				3675E1112870A195000F6C96 /* SUP-Project */,
				3675E1222870A197000F6C96 /* SUP-ProjectTests */,
				3675E12C2870A197000F6C96 /* SUP-ProjectUITests */,
				3675E1102870A195000F6C96 /* Products */,
			);
			sourceTree = "<group>";
		};
		3675E1102870A195000F6C96 /* Products */ = {
			isa = PBXGroup;
			children = (
				3675E10F2870A195000F6C96 /* SUP-Project.app */,
				3675E11F2870A197000F6C96 /* SUP-ProjectTests.xctest */,
				3675E1292870A197000F6C96 /* SUP-ProjectUITests.xctest */,
			);
			name = Products;
			sourceTree = "<group>";
		};
		3675E1112870A195000F6C96 /* SUP-Project */ = {
			isa = PBXGroup;
			children = (
				3675E1122870A195000F6C96 /* SUP_ProjectApp.swift */,
				3675E1142870A195000F6C96 /* ContentView.swift */,
				3675E1162870A196000F6C96 /* Assets.xcassets */,
				3675E1182870A197000F6C96 /* Preview Content */,
			);
			path = "SUP-Project";
			sourceTree = "<group>";
		};
		3675E1182870A197000F6C96 /* Preview Content */ = {
			isa = PBXGroup;
			children = (
				3675E1192870A197000F6C96 /* Preview Assets.xcassets */,
			);
			path = "Preview Content";
			sourceTree = "<group>";
		};
		3675E1222870A197000F6C96 /* SUP-ProjectTests */ = {
			isa = PBXGroup;
			children = (
				3675E1232870A197000F6C96 /* SUP_ProjectTests.swift */,
			);
			path = "SUP-ProjectTests";
			sourceTree = "<group>";
		};
		3675E12C2870A197000F6C96 /* SUP-ProjectUITests */ = {
			isa = PBXGroup;
			children = (
				3675E12D2870A197000F6C96 /* SUP_ProjectUITests.swift */,
				3675E12F2870A197000F6C96 /* SUP_ProjectUITestsLaunchTests.swift */,
			);
			path = "SUP-ProjectUITests";
			sourceTree = "<group>";
		};
/* End PBXGroup section */

/* Begin PBXNativeTarget section */
		3675E10E2870A195000F6C96 /* SUP-Project */ = {
			isa = PBXNativeTarget;
			buildConfigurationList = 3675E1332870A197000F6C96 /* Build configuration list for PBXNativeTarget "SUP-Project" */;
			buildPhases = (
				3675E10B2870A195000F6C96 /* Sources */,
				3675E10C2870A195000F6C96 /* Frameworks */,
				3675E10D2870A195000F6C96 /* Resources */,
			);
			buildRules = (
			);
			dependencies = (
			);
			name = "SUP-Project";
			productName = "SUP-Project";
			productReference = 3675E10F2870A195000F6C96 /* SUP-Project.app */;
			productType = "com.apple.product-type.application";
		};
		3675E11E2870A197000F6C96 /* SUP-ProjectTests */ = {
			isa = PBXNativeTarget;
			buildConfigurationList = 3675E1362870A197000F6C96 /* Build configuration list for PBXNativeTarget "SUP-ProjectTests" */;
			buildPhases = (
				3675E11B2870A197000F6C96 /* Sources */,
				3675E11C2870A197000F6C96 /* Frameworks */,
				3675E11D2870A197000F6C96 /* Resources */,
			);
			buildRules = (
			);
			dependencies = (
				3675E1212870A197000F6C96 /* PBXTargetDependency */,
			);
			name = "SUP-ProjectTests";
			productName = "SUP-ProjectTests";
			productReference = 3675E11F2870A197000F6C96 /* SUP-ProjectTests.xctest */;
			productType = "com.apple.product-type.bundle.unit-test";
		};
		3675E1282870A197000F6C96 /* SUP-ProjectUITests */ = {
			isa = PBXNativeTarget;
			buildConfigurationList = 3675E1392870A197000F6C96 /* Build configuration list for PBXNativeTarget "SUP-ProjectUITests" */;
			buildPhases = (
				3675E1252870A197000F6C96 /* Sources */,
				3675E1262870A197000F6C96 /* Frameworks */,
				3675E1272870A197000F6C96 /* Resources */,
			);
			buildRules = (
			);
			dependencies = (
				3675E12B2870A197000F6C96 /* PBXTargetDependency */,
			);
			name = "SUP-ProjectUITests";
			productName = "SUP-ProjectUITests";
			productReference = 3675E1292870A197000F6C96 /* SUP-ProjectUITests.xctest */;
			productType = "com.apple.product-type.bundle.ui-testing";
		};
/* End PBXNativeTarget section */

/* Begin PBXProject section */
		3675E1072870A195000F6C96 /* Project object */ = {
			isa = PBXProject;
			attributes = {
				BuildIndependentTargetsInParallel = 1;
				LastSwiftUpdateCheck = 1340;
				LastUpgradeCheck = 1340;
				TargetAttributes = {
					3675E10E2870A195000F6C96 = {
						CreatedOnToolsVersion = 13.4;
					};
					3675E11E2870A197000F6C96 = {
						CreatedOnToolsVersion = 13.4;
						TestTargetID = 3675E10E2870A195000F6C96;
					};
					3675E1282870A197000F6C96 = {
						CreatedOnToolsVersion = 13.4;
						TestTargetID = 3675E10E2870A195000F6C96;
					};
				};
			};
			buildConfigurationList = 3675E10A2870A195000F6C96 /* Build configuration list for PBXProject "SUP-Project" */;
			compatibilityVersion = "Xcode 13.0";
			developmentRegion = en;
			hasScannedForEncodings = 0;
			knownRegions = (
				en,
				Base,
			);
			mainGroup = 3675E1062870A195000F6C96;
			productRefGroup = 3675E1102870A195000F6C96 /* Products */;
			projectDirPath = "";
			projectRoot = "";
			targets = (
				3675E10E2870A195000F6C96 /* SUP-Project */,
				3675E11E2870A197000F6C96 /* SUP-ProjectTests */,
				3675E1282870A197000F6C96 /* SUP-ProjectUITests */,
			);
		};
/* End PBXProject section */

/* Begin PBXResourcesBuildPhase section */
		3675E10D2870A195000F6C96 /* Resources */ = {
			isa = PBXResourcesBuildPhase;
			buildActionMask = 2147483647;
			files = (
				3675E11A2870A197000F6C96 /* Preview Assets.xcassets in Resources */,
				3675E1172870A196000F6C96 /* Assets.xcassets in Resources */,
			);
			runOnlyForDeploymentPostprocessing = 0;
		};
		3675E11D2870A197000F6C96 /* Resources */ = {
			isa = PBXResourcesBuildPhase;
			buildActionMask = 2147483647;
			files = (
			);
			runOnlyForDeploymentPostprocessing = 0;
		};
		3675E1272870A197000F6C96 /* Resources */ = {
			isa = PBXResourcesBuildPhase;
			buildActionMask = 2147483647;
			files = (
			);
			runOnlyForDeploymentPostprocessing = 0;
		};
/* End PBXResourcesBuildPhase section */

/* Begin PBXSourcesBuildPhase section */
		3675E10B2870A195000F6C96 /* Sources */ = {
			isa = PBXSourcesBuildPhase;
			buildActionMask = 2147483647;
			files = (
				3675E1152870A195000F6C96 /* ContentView.swift in Sources */,
				3675E1132870A195000F6C96 /* SUP_ProjectApp.swift in Sources */,
			);
			runOnlyForDeploymentPostprocessing = 0;
		};
		3675E11B2870A197000F6C96 /* Sources */ = {
			isa = PBXSourcesBuildPhase;
			buildActionMask = 2147483647;
			files = (
				3675E1242870A197000F6C96 /* SUP_ProjectTests.swift in Sources */,
			);
			runOnlyForDeploymentPostprocessing = 0;
		};
		3675E1252870A197000F6C96 /* Sources */ = {
			isa = PBXSourcesBuildPhase;
			buildActionMask = 2147483647;
			files = (
				3675E12E2870A197000F6C96 /* SUP_ProjectUITests.swift in Sources */,
				3675E1302870A197000F6C96 /* SUP_ProjectUITestsLaunchTests.swift in Sources */,
			);
			runOnlyForDeploymentPostprocessing = 0;
		};
/* End PBXSourcesBuildPhase section */

/* Begin PBXTargetDependency section */
		3675E1212870A197000F6C96 /* PBXTargetDependency */ = {
			isa = PBXTargetDependency;
			target = 3675E10E2870A195000F6C96 /* SUP-Project */;
			targetProxy = 3675E1202870A197000F6C96 /* PBXContainerItemProxy */;
		};
		3675E12B2870A197000F6C96 /* PBXTargetDependency */ = {
			isa = PBXTargetDependency;
			target = 3675E10E2870A195000F6C96 /* SUP-Project */;
			targetProxy = 3675E12A2870A197000F6C96 /* PBXContainerItemProxy */;
		};
/* End PBXTargetDependency section */

/* Begin XCBuildConfiguration section */
		3675E1312870A197000F6C96 /* Debug */ = {
			isa = XCBuildConfiguration;
			buildSettings = {
				ALWAYS_SEARCH_USER_PATHS = NO;
				CLANG_ANALYZER_NONNULL = YES;
				CLANG_ANALYZER_NUMBER_OBJECT_CONVERSION = YES_AGGRESSIVE;
				CLANG_CXX_LANGUAGE_STANDARD = "gnu++17";
				CLANG_ENABLE_MODULES = YES;
				CLANG_ENABLE_OBJC_ARC = YES;
				CLANG_ENABLE_OBJC_WEAK = YES;
				CLANG_WARN_BLOCK_CAPTURE_AUTORELEASING = YES;
				CLANG_WARN_BOOL_CONVERSION = YES;
				CLANG_WARN_COMMA = YES;
				CLANG_WARN_CONSTANT_CONVERSION = YES;
				CLANG_WARN_DEPRECATED_OBJC_IMPLEMENTATIONS = YES;
				CLANG_WARN_DIRECT_OBJC_ISA_USAGE = YES_ERROR;
				CLANG_WARN_DOCUMENTATION_COMMENTS = YES;
				CLANG_WARN_EMPTY_BODY = YES;
				CLANG_WARN_ENUM_CONVERSION = YES;
				CLANG_WARN_INFINITE_RECURSION = YES;
				CLANG_WARN_INT_CONVERSION = YES;
				CLANG_WARN_NON_LITERAL_NULL_CONVERSION = YES;
				CLANG_WARN_OBJC_IMPLICIT_RETAIN_SELF = YES;
				CLANG_WARN_OBJC_LITERAL_CONVERSION = YES;
				CLANG_WARN_OBJC_ROOT_CLASS = YES_ERROR;
				CLANG_WARN_QUOTED_INCLUDE_IN_FRAMEWORK_HEADER = YES;
				CLANG_WARN_RANGE_LOOP_ANALYSIS = YES;
				CLANG_WARN_STRICT_PROTOTYPES = YES;
				CLANG_WARN_SUSPICIOUS_MOVE = YES;
				CLANG_WARN_UNGUARDED_AVAILABILITY = YES_AGGRESSIVE;
				CLANG_WARN_UNREACHABLE_CODE = YES;
				CLANG_WARN__DUPLICATE_METHOD_MATCH = YES;
				COPY_PHASE_STRIP = NO;
				DEBUG_INFORMATION_FORMAT = dwarf;
				ENABLE_STRICT_OBJC_MSGSEND = YES;
				ENABLE_TESTABILITY = YES;
				GCC_C_LANGUAGE_STANDARD = gnu11;
				GCC_DYNAMIC_NO_PIC = NO;
				GCC_NO_COMMON_BLOCKS = YES;
				GCC_OPTIMIZATION_LEVEL = 0;
				GCC_PREPROCESSOR_DEFINITIONS = (
					"DEBUG=1",
					"$(inherited)",
				);
				GCC_WARN_64_TO_32_BIT_CONVERSION = YES;
				GCC_WARN_ABOUT_RETURN_TYPE = YES_ERROR;
				GCC_WARN_UNDECLARED_SELECTOR = YES;
				GCC_WARN_UNINITIALIZED_AUTOS = YES_AGGRESSIVE;
				GCC_WARN_UNUSED_FUNCTION = YES;
				GCC_WARN_UNUSED_VARIABLE = YES;
				IPHONEOS_DEPLOYMENT_TARGET = 15.5;
				MTL_ENABLE_DEBUG_INFO = INCLUDE_SOURCE;
				MTL_FAST_MATH = YES;
				ONLY_ACTIVE_ARCH = YES;
				SDKROOT = iphoneos;
				SWIFT_ACTIVE_COMPILATION_CONDITIONS = DEBUG;
				SWIFT_OPTIMIZATION_LEVEL = "-Onone";
			};
			name = Debug;
		};
		3675E1322870A197000F6C96 /* Release */ = {
			isa = XCBuildConfiguration;
			buildSettings = {
				ALWAYS_SEARCH_USER_PATHS = NO;
				CLANG_ANALYZER_NONNULL = YES;
				CLANG_ANALYZER_NUMBER_OBJECT_CONVERSION = YES_AGGRESSIVE;
				CLANG_CXX_LANGUAGE_STANDARD = "gnu++17";
				CLANG_ENABLE_MODULES = YES;
				CLANG_ENABLE_OBJC_ARC = YES;
				CLANG_ENABLE_OBJC_WEAK = YES;
				CLANG_WARN_BLOCK_CAPTURE_AUTORELEASING = YES;
				CLANG_WARN_BOOL_CONVERSION = YES;
				CLANG_WARN_COMMA = YES;
				CLANG_WARN_CONSTANT_CONVERSION = YES;
				CLANG_WARN_DEPRECATED_OBJC_IMPLEMENTATIONS = YES;
				CLANG_WARN_DIRECT_OBJC_ISA_USAGE = YES_ERROR;
				CLANG_WARN_DOCUMENTATION_COMMENTS = YES;
				CLANG_WARN_EMPTY_BODY = YES;
				CLANG_WARN_ENUM_CONVERSION = YES;
				CLANG_WARN_INFINITE_RECURSION = YES;
				CLANG_WARN_INT_CONVERSION = YES;
				CLANG_WARN_NON_LITERAL_NULL_CONVERSION = YES;
				CLANG_WARN_OBJC_IMPLICIT_RETAIN_SELF = YES;
				CLANG_WARN_OBJC_LITERAL_CONVERSION = YES;
				CLANG_WARN_OBJC_ROOT_CLASS = YES_ERROR;
				CLANG_WARN_QUOTED_INCLUDE_IN_FRAMEWORK_HEADER = YES;
				CLANG_WARN_RANGE_LOOP_ANALYSIS = YES;
				CLANG_WARN_STRICT_PROTOTYPES = YES;
				CLANG_WARN_SUSPICIOUS_MOVE = YES;
				CLANG_WARN_UNGUARDED_AVAILABILITY = YES_AGGRESSIVE;
				CLANG_WARN_UNREACHABLE_CODE = YES;
				CLANG_WARN__DUPLICATE_METHOD_MATCH = YES;
				COPY_PHASE_STRIP = NO;
				DEBUG_INFORMATION_FORMAT = "dwarf-with-dsym";
				ENABLE_NS_ASSERTIONS = NO;
				ENABLE_STRICT_OBJC_MSGSEND = YES;
				GCC_C_LANGUAGE_STANDARD = gnu11;
				GCC_NO_COMMON_BLOCKS = YES;
				GCC_WARN_64_TO_32_BIT_CONVERSION = YES;
				GCC_WARN_ABOUT_RETURN_TYPE = YES_ERROR;
				GCC_WARN_UNDECLARED_SELECTOR = YES;
				GCC_WARN_UNINITIALIZED_AUTOS = YES_AGGRESSIVE;
				GCC_WARN_UNUSED_FUNCTION = YES;
				GCC_WARN_UNUSED_VARIABLE = YES;
				IPHONEOS_DEPLOYMENT_TARGET = 15.5;
				MTL_ENABLE_DEBUG_INFO = NO;
				MTL_FAST_MATH = YES;
				SDKROOT = iphoneos;
				SWIFT_COMPILATION_MODE = wholemodule;
				SWIFT_OPTIMIZATION_LEVEL = "-O";
				VALIDATE_PRODUCT = YES;
			};
			name = Release;
		};
		3675E1342870A197000F6C96 /* Debug */ = {
			isa = XCBuildConfiguration;
			buildSettings = {
				ASSETCATALOG_COMPILER_APPICON_NAME = AppIcon;
				ASSETCATALOG_COMPILER_GLOBAL_ACCENT_COLOR_NAME = AccentColor;
				CODE_SIGN_STYLE = Automatic;
				CURRENT_PROJECT_VERSION = 1;
				DEVELOPMENT_ASSET_PATHS = "\"SUP-Project/Preview Content\"";
				DEVELOPMENT_TEAM = 268S5GJFWZ;
				ENABLE_PREVIEWS = YES;
				GENERATE_INFOPLIST_FILE = YES;
				INFOPLIST_KEY_UIApplicationSceneManifest_Generation = YES;
				INFOPLIST_KEY_UIApplicationSupportsIndirectInputEvents = YES;
				INFOPLIST_KEY_UILaunchScreen_Generation = YES;
				INFOPLIST_KEY_UISupportedInterfaceOrientations_iPad = "UIInterfaceOrientationPortrait UIInterfaceOrientationPortraitUpsideDown UIInterfaceOrientationLandscapeLeft UIInterfaceOrientationLandscapeRight";
				INFOPLIST_KEY_UISupportedInterfaceOrientations_iPhone = "UIInterfaceOrientationPortrait UIInterfaceOrientationLandscapeLeft UIInterfaceOrientationLandscapeRight";
				LD_RUNPATH_SEARCH_PATHS = (
					"$(inherited)",
					"@executable_path/Frameworks",
				);
				MARKETING_VERSION = 1.0;
				PRODUCT_BUNDLE_IDENTIFIER = "com.icolasoft.SUP-Project";
				PRODUCT_NAME = "$(TARGET_NAME)";
				SWIFT_EMIT_LOC_STRINGS = YES;
				SWIFT_VERSION = 5.0;
				TARGETED_DEVICE_FAMILY = "1,2";
			};
			name = Debug;
		};
		3675E1352870A197000F6C96 /* Release */ = {
			isa = XCBuildConfiguration;
			buildSettings = {
				ASSETCATALOG_COMPILER_APPICON_NAME = AppIcon;
				ASSETCATALOG_COMPILER_GLOBAL_ACCENT_COLOR_NAME = AccentColor;
				CODE_SIGN_STYLE = Automatic;
				CURRENT_PROJECT_VERSION = 1;
				DEVELOPMENT_ASSET_PATHS = "\"SUP-Project/Preview Content\"";
				DEVELOPMENT_TEAM = 268S5GJFWZ;
				ENABLE_PREVIEWS = YES;
				GENERATE_INFOPLIST_FILE = YES;
				INFOPLIST_KEY_UIApplicationSceneManifest_Generation = YES;
				INFOPLIST_KEY_UIApplicationSupportsIndirectInputEvents = YES;
				INFOPLIST_KEY_UILaunchScreen_Generation = YES;
				INFOPLIST_KEY_UISupportedInterfaceOrientations_iPad = "UIInterfaceOrientationPortrait UIInterfaceOrientationPortraitUpsideDown UIInterfaceOrientationLandscapeLeft UIInterfaceOrientationLandscapeRight";
				INFOPLIST_KEY_UISupportedInterfaceOrientations_iPhone = "UIInterfaceOrientationPortrait UIInterfaceOrientationLandscapeLeft UIInterfaceOrientationLandscapeRight";
				LD_RUNPATH_SEARCH_PATHS = (
					"$(inherited)",
					"@executable_path/Frameworks",
				);
				MARKETING_VERSION = 1.0;
				PRODUCT_BUNDLE_IDENTIFIER = "com.icolasoft.SUP-Project";
				PRODUCT_NAME = "$(TARGET_NAME)";
				SWIFT_EMIT_LOC_STRINGS = YES;
				SWIFT_VERSION = 5.0;
				TARGETED_DEVICE_FAMILY = "1,2";
			};
			name = Release;
		};
		3675E1372870A197000F6C96 /* Debug */ = {
			isa = XCBuildConfiguration;
			buildSettings = {
				ALWAYS_EMBED_SWIFT_STANDARD_LIBRARIES = YES;
				BUNDLE_LOADER = "$(TEST_HOST)";
				CODE_SIGN_STYLE = Automatic;
				CURRENT_PROJECT_VERSION = 1;
				DEVELOPMENT_TEAM = 268S5GJFWZ;
				GENERATE_INFOPLIST_FILE = YES;
				IPHONEOS_DEPLOYMENT_TARGET = 15.5;
				MARKETING_VERSION = 1.0;
				PRODUCT_BUNDLE_IDENTIFIER = "com.icolasoft.SUP-ProjectTests";
				PRODUCT_NAME = "$(TARGET_NAME)";
				SWIFT_EMIT_LOC_STRINGS = NO;
				SWIFT_VERSION = 5.0;
				TARGETED_DEVICE_FAMILY = "1,2";
				TEST_HOST = "$(BUILT_PRODUCTS_DIR)/SUP-Project.app/SUP-Project";
			};
			name = Debug;
		};
		3675E1382870A197000F6C96 /* Release */ = {
			isa = XCBuildConfiguration;
			buildSettings = {
				ALWAYS_EMBED_SWIFT_STANDARD_LIBRARIES = YES;
				BUNDLE_LOADER = "$(TEST_HOST)";
				CODE_SIGN_STYLE = Automatic;
				CURRENT_PROJECT_VERSION = 1;
				DEVELOPMENT_TEAM = 268S5GJFWZ;
				GENERATE_INFOPLIST_FILE = YES;
				IPHONEOS_DEPLOYMENT_TARGET = 15.5;
				MARKETING_VERSION = 1.0;
				PRODUCT_BUNDLE_IDENTIFIER = "com.icolasoft.SUP-ProjectTests";
				PRODUCT_NAME = "$(TARGET_NAME)";
				SWIFT_EMIT_LOC_STRINGS = NO;
				SWIFT_VERSION = 5.0;
				TARGETED_DEVICE_FAMILY = "1,2";
				TEST_HOST = "$(BUILT_PRODUCTS_DIR)/SUP-Project.app/SUP-Project";
			};
			name = Release;
		};
		3675E13A2870A197000F6C96 /* Debug */ = {
			isa = XCBuildConfiguration;
			buildSettings = {
				ALWAYS_EMBED_SWIFT_STANDARD_LIBRARIES = YES;
				CODE_SIGN_STYLE = Automatic;
				CURRENT_PROJECT_VERSION = 1;
				DEVELOPMENT_TEAM = 268S5GJFWZ;
				GENERATE_INFOPLIST_FILE = YES;
				MARKETING_VERSION = 1.0;
				PRODUCT_BUNDLE_IDENTIFIER = "com.icolasoft.SUP-ProjectUITests";
				PRODUCT_NAME = "$(TARGET_NAME)";
				SWIFT_EMIT_LOC_STRINGS = NO;
				SWIFT_VERSION = 5.0;
				TARGETED_DEVICE_FAMILY = "1,2";
				TEST_TARGET_NAME = "SUP-Project";
			};
			name = Debug;
		};
		3675E13B2870A197000F6C96 /* Release */ = {
			isa = XCBuildConfiguration;
			buildSettings = {
				ALWAYS_EMBED_SWIFT_STANDARD_LIBRARIES = YES;
				CODE_SIGN_STYLE = Automatic;
				CURRENT_PROJECT_VERSION = 1;
				DEVELOPMENT_TEAM = 268S5GJFWZ;
				GENERATE_INFOPLIST_FILE = YES;
				MARKETING_VERSION = 1.0;
				PRODUCT_BUNDLE_IDENTIFIER = "com.icolasoft.SUP-ProjectUITests";
				PRODUCT_NAME = "$(TARGET_NAME)";
				SWIFT_EMIT_LOC_STRINGS = NO;
				SWIFT_VERSION = 5.0;
				TARGETED_DEVICE_FAMILY = "1,2";
				TEST_TARGET_NAME = "SUP-Project";
			};
			name = Release;
		};
/* End XCBuildConfiguration section */

/* Begin XCConfigurationList section */
		3675E10A2870A195000F6C96 /* Build configuration list for PBXProject "SUP-Project" */ = {
			isa = XCConfigurationList;
			buildConfigurations = (
				3675E1312870A197000F6C96 /* Debug */,
				3675E1322870A197000F6C96 /* Release */,
			);
			defaultConfigurationIsVisible = 0;
			defaultConfigurationName = Release;
		};
		3675E1332870A197000F6C96 /* Build configuration list for PBXNativeTarget "SUP-Project" */ = {
			isa = XCConfigurationList;
			buildConfigurations = (
				3675E1342870A197000F6C96 /* Debug */,
				3675E1352870A197000F6C96 /* Release */,
			);
			defaultConfigurationIsVisible = 0;
			defaultConfigurationName = Release;
		};
		3675E1362870A197000F6C96 /* Build configuration list for PBXNativeTarget "SUP-ProjectTests" */ = {
			isa = XCConfigurationList;
			buildConfigurations = (
				3675E1372870A197000F6C96 /* Debug */,
				3675E1382870A197000F6C96 /* Release */,
			);
			defaultConfigurationIsVisible = 0;
			defaultConfigurationName = Release;
		};
		3675E1392870A197000F6C96 /* Build configuration list for PBXNativeTarget "SUP-ProjectUITests" */ = {
			isa = XCConfigurationList;
			buildConfigurations = (
				3675E13A2870A197000F6C96 /* Debug */,
				3675E13B2870A197000F6C96 /* Release */,
			);
			defaultConfigurationIsVisible = 0;
			defaultConfigurationName = Release;
		};
/* End XCConfigurationList section */
	};
	rootObject = 3675E1072870A195000F6C96 /* Project object */;
}
