// !$*UTF8*$!
{
	archiveVersion = 1;
	classes = {
	};
	objectVersion = 55;
	objects = {

/* Begin PBXBuildFile section */
		36047790287F11D700A70CA7 /* POITypePicker.swift in Sources */ = {isa = PBXBuildFile; fileRef = 3604778F287F11D700A70CA7 /* POITypePicker.swift */; };
		36047792287F164F00A70CA7 /* MainView.swift in Sources */ = {isa = PBXBuildFile; fileRef = 36047791287F164F00A70CA7 /* MainView.swift */; };
		36047795287F180000A70CA7 /* POIListView.swift in Sources */ = {isa = PBXBuildFile; fileRef = 36047794287F180000A70CA7 /* POIListView.swift */; };
		36514D542871E6A60076B7FA /* MapContentServiceTests.swift in Sources */ = {isa = PBXBuildFile; fileRef = 36514D532871E6A60076B7FA /* MapContentServiceTests.swift */; };
		36514D572871E9440076B7FA /* PlacesNavigationView.swift in Sources */ = {isa = PBXBuildFile; fileRef = 36514D562871E9440076B7FA /* PlacesNavigationView.swift */; };
		36514D592871EA400076B7FA /* PlacesView.swift in Sources */ = {isa = PBXBuildFile; fileRef = 36514D582871EA400076B7FA /* PlacesView.swift */; };
		36514D5B2871EA540076B7FA /* PleasantBackgroundView.swift in Sources */ = {isa = PBXBuildFile; fileRef = 36514D5A2871EA540076B7FA /* PleasantBackgroundView.swift */; };
		36514D5D2871EBA10076B7FA /* PlaceDetailView.swift in Sources */ = {isa = PBXBuildFile; fileRef = 36514D5C2871EBA10076B7FA /* PlaceDetailView.swift */; };
		36514D5F2871EBEA0076B7FA /* TitleView.swift in Sources */ = {isa = PBXBuildFile; fileRef = 36514D5E2871EBEA0076B7FA /* TitleView.swift */; };
		36514D6428720B010076B7FA /* PlaceImage.swift in Sources */ = {isa = PBXBuildFile; fileRef = 36514D6328720B010076B7FA /* PlaceImage.swift */; };
		36514D66287214EC0076B7FA /* OtherPlacesScrollView.swift in Sources */ = {isa = PBXBuildFile; fileRef = 36514D65287214EC0076B7FA /* OtherPlacesScrollView.swift */; };
		3675E1132870A195000F6C96 /* SUP_ProjectApp.swift in Sources */ = {isa = PBXBuildFile; fileRef = 3675E1122870A195000F6C96 /* SUP_ProjectApp.swift */; };
		3675E1152870A195000F6C96 /* MapDialogView.swift in Sources */ = {isa = PBXBuildFile; fileRef = 3675E1142870A195000F6C96 /* MapDialogView.swift */; };
		3675E1172870A196000F6C96 /* Assets.xcassets in Resources */ = {isa = PBXBuildFile; fileRef = 3675E1162870A196000F6C96 /* Assets.xcassets */; };
		3675E11A2870A197000F6C96 /* Preview Assets.xcassets in Resources */ = {isa = PBXBuildFile; fileRef = 3675E1192870A197000F6C96 /* Preview Assets.xcassets */; };
		3675E1242870A197000F6C96 /* SUP_ProjectTests.swift in Sources */ = {isa = PBXBuildFile; fileRef = 3675E1232870A197000F6C96 /* SUP_ProjectTests.swift */; };
		3675E12E2870A197000F6C96 /* SUP_ProjectUITests.swift in Sources */ = {isa = PBXBuildFile; fileRef = 3675E12D2870A197000F6C96 /* SUP_ProjectUITests.swift */; };
		3675E1302870A197000F6C96 /* SUP_ProjectUITestsLaunchTests.swift in Sources */ = {isa = PBXBuildFile; fileRef = 3675E12F2870A197000F6C96 /* SUP_ProjectUITestsLaunchTests.swift */; };
		3675E13D2870A570000F6C96 /* Place.swift in Sources */ = {isa = PBXBuildFile; fileRef = 3675E13C2870A570000F6C96 /* Place.swift */; };
		3675E13F2871E156000F6C96 /* places.json in Resources */ = {isa = PBXBuildFile; fileRef = 3675E13E2871E156000F6C96 /* places.json */; };
		3675E1432871E3BD000F6C96 /* PlaceTests.swift in Sources */ = {isa = PBXBuildFile; fileRef = 3675E1422871E3BD000F6C96 /* PlaceTests.swift */; };
		3675E1452871E548000F6C96 /* MapContentService.swift in Sources */ = {isa = PBXBuildFile; fileRef = 3675E1442871E548000F6C96 /* MapContentService.swift */; };
		36A563642878774B00E24D83 /* Theme.swift in Sources */ = {isa = PBXBuildFile; fileRef = 36A563632878774B00E24D83 /* Theme.swift */; };
		36A563672878B3B200E24D83 /* ColorExtensions.swift in Sources */ = {isa = PBXBuildFile; fileRef = 36A563662878B3B200E24D83 /* ColorExtensions.swift */; };
		36A56369287B4E6F00E24D83 /* README.md in Resources */ = {isa = PBXBuildFile; fileRef = 36A56368287B4E6F00E24D83 /* README.md */; };
		36A5636B287BAA8B00E24D83 /* POI.swift in Sources */ = {isa = PBXBuildFile; fileRef = 36A5636A287BAA8B00E24D83 /* POI.swift */; };
		36A5636D287DAB3700E24D83 /* CreatePOIView.swift in Sources */ = {isa = PBXBuildFile; fileRef = 36A5636C287DAB3700E24D83 /* CreatePOIView.swift */; };
		36A5636F287DABC100E24D83 /* POIService.swift in Sources */ = {isa = PBXBuildFile; fileRef = 36A5636E287DABC100E24D83 /* POIService.swift */; };
		36A56372287DADC500E24D83 /* POIServiceTests.swift in Sources */ = {isa = PBXBuildFile; fileRef = 36A56371287DADC500E24D83 /* POIServiceTests.swift */; };
		36AB94C82875DB3E005F39FE /* PlacesListView.swift in Sources */ = {isa = PBXBuildFile; fileRef = 36AB94C72875DB3D005F39FE /* PlacesListView.swift */; };
		36AB94CA2877972A005F39FE /* AddPlaceView.swift in Sources */ = {isa = PBXBuildFile; fileRef = 36AB94C92877972A005F39FE /* AddPlaceView.swift */; };
		36AB94CD2877BCFA005F39FE /* MapChooser.swift in Sources */ = {isa = PBXBuildFile; fileRef = 36AB94CC2877BCFA005F39FE /* MapChooser.swift */; };
		36E47B5428749CB90094094C /* MapPlaceView.swift in Sources */ = {isa = PBXBuildFile; fileRef = 36E47B5328749CB90094094C /* MapPlaceView.swift */; };
		36E47B562874E11F0094094C /* AllowedView.swift in Sources */ = {isa = PBXBuildFile; fileRef = 36E47B552874E11F0094094C /* AllowedView.swift */; };
/* End PBXBuildFile section */

/* Begin PBXContainerItemProxy section */
		3675E1202870A197000F6C96 /* PBXContainerItemProxy */ = {
			isa = PBXContainerItemProxy;
			containerPortal = 3675E1072870A195000F6C96 /* Project object */;
			proxyType = 1;
			remoteGlobalIDString = 3675E10E2870A195000F6C96;
			remoteInfo = "SUP-Project";
		};
		3675E12A2870A197000F6C96 /* PBXContainerItemProxy */ = {
			isa = PBXContainerItemProxy;
			containerPortal = 3675E1072870A195000F6C96 /* Project object */;
			proxyType = 1;
			remoteGlobalIDString = 3675E10E2870A195000F6C96;
			remoteInfo = "SUP-Project";
		};
/* End PBXContainerItemProxy section */

/* Begin PBXFileReference section */
		3604778F287F11D700A70CA7 /* POITypePicker.swift */ = {isa = PBXFileReference; lastKnownFileType = sourcecode.swift; path = POITypePicker.swift; sourceTree = "<group>"; };
		36047791287F164F00A70CA7 /* MainView.swift */ = {isa = PBXFileReference; lastKnownFileType = sourcecode.swift; path = MainView.swift; sourceTree = "<group>"; };
		36047794287F180000A70CA7 /* POIListView.swift */ = {isa = PBXFileReference; lastKnownFileType = sourcecode.swift; path = POIListView.swift; sourceTree = "<group>"; };
		36514D532871E6A60076B7FA /* MapContentServiceTests.swift */ = {isa = PBXFileReference; lastKnownFileType = sourcecode.swift; path = MapContentServiceTests.swift; sourceTree = "<group>"; };
		36514D562871E9440076B7FA /* PlacesNavigationView.swift */ = {isa = PBXFileReference; lastKnownFileType = sourcecode.swift; path = PlacesNavigationView.swift; sourceTree = "<group>"; };
		36514D582871EA400076B7FA /* PlacesView.swift */ = {isa = PBXFileReference; lastKnownFileType = sourcecode.swift; path = PlacesView.swift; sourceTree = "<group>"; };
		36514D5A2871EA540076B7FA /* PleasantBackgroundView.swift */ = {isa = PBXFileReference; lastKnownFileType = sourcecode.swift; path = PleasantBackgroundView.swift; sourceTree = "<group>"; };
		36514D5C2871EBA10076B7FA /* PlaceDetailView.swift */ = {isa = PBXFileReference; lastKnownFileType = sourcecode.swift; path = PlaceDetailView.swift; sourceTree = "<group>"; };
		36514D5E2871EBEA0076B7FA /* TitleView.swift */ = {isa = PBXFileReference; lastKnownFileType = sourcecode.swift; path = TitleView.swift; sourceTree = "<group>"; };
		36514D622871ED9B0076B7FA /* Info.plist */ = {isa = PBXFileReference; lastKnownFileType = text.plist; path = Info.plist; sourceTree = "<group>"; };
		36514D6328720B010076B7FA /* PlaceImage.swift */ = {isa = PBXFileReference; lastKnownFileType = sourcecode.swift; path = PlaceImage.swift; sourceTree = "<group>"; };
		36514D65287214EC0076B7FA /* OtherPlacesScrollView.swift */ = {isa = PBXFileReference; lastKnownFileType = sourcecode.swift; path = OtherPlacesScrollView.swift; sourceTree = "<group>"; };
		3675E10F2870A195000F6C96 /* SUP-Project.app */ = {isa = PBXFileReference; explicitFileType = wrapper.application; includeInIndex = 0; path = "SUP-Project.app"; sourceTree = BUILT_PRODUCTS_DIR; };
		3675E1122870A195000F6C96 /* SUP_ProjectApp.swift */ = {isa = PBXFileReference; lastKnownFileType = sourcecode.swift; path = SUP_ProjectApp.swift; sourceTree = "<group>"; };
		3675E1142870A195000F6C96 /* MapDialogView.swift */ = {isa = PBXFileReference; lastKnownFileType = sourcecode.swift; path = MapDialogView.swift; sourceTree = "<group>"; };
		3675E1162870A196000F6C96 /* Assets.xcassets */ = {isa = PBXFileReference; lastKnownFileType = folder.assetcatalog; path = Assets.xcassets; sourceTree = "<group>"; };
		3675E1192870A197000F6C96 /* Preview Assets.xcassets */ = {isa = PBXFileReference; lastKnownFileType = folder.assetcatalog; path = "Preview Assets.xcassets"; sourceTree = "<group>"; };
		3675E11F2870A197000F6C96 /* SUP-ProjectTests.xctest */ = {isa = PBXFileReference; explicitFileType = wrapper.cfbundle; includeInIndex = 0; path = "SUP-ProjectTests.xctest"; sourceTree = BUILT_PRODUCTS_DIR; };
		3675E1232870A197000F6C96 /* SUP_ProjectTests.swift */ = {isa = PBXFileReference; lastKnownFileType = sourcecode.swift; path = SUP_ProjectTests.swift; sourceTree = "<group>"; };
		3675E1292870A197000F6C96 /* SUP-ProjectUITests.xctest */ = {isa = PBXFileReference; explicitFileType = wrapper.cfbundle; includeInIndex = 0; path = "SUP-ProjectUITests.xctest"; sourceTree = BUILT_PRODUCTS_DIR; };
		3675E12D2870A197000F6C96 /* SUP_ProjectUITests.swift */ = {isa = PBXFileReference; lastKnownFileType = sourcecode.swift; path = SUP_ProjectUITests.swift; sourceTree = "<group>"; };
		3675E12F2870A197000F6C96 /* SUP_ProjectUITestsLaunchTests.swift */ = {isa = PBXFileReference; lastKnownFileType = sourcecode.swift; path = SUP_ProjectUITestsLaunchTests.swift; sourceTree = "<group>"; };
		3675E13C2870A570000F6C96 /* Place.swift */ = {isa = PBXFileReference; lastKnownFileType = sourcecode.swift; path = Place.swift; sourceTree = "<group>"; };
		3675E13E2871E156000F6C96 /* places.json */ = {isa = PBXFileReference; lastKnownFileType = text.json; path = places.json; sourceTree = "<group>"; };
		3675E1422871E3BD000F6C96 /* PlaceTests.swift */ = {isa = PBXFileReference; lastKnownFileType = sourcecode.swift; path = PlaceTests.swift; sourceTree = "<group>"; };
		3675E1442871E548000F6C96 /* MapContentService.swift */ = {isa = PBXFileReference; lastKnownFileType = sourcecode.swift; path = MapContentService.swift; sourceTree = "<group>"; };
		36A563632878774B00E24D83 /* Theme.swift */ = {isa = PBXFileReference; lastKnownFileType = sourcecode.swift; path = Theme.swift; sourceTree = "<group>"; };
		36A563662878B3B200E24D83 /* ColorExtensions.swift */ = {isa = PBXFileReference; lastKnownFileType = sourcecode.swift; path = ColorExtensions.swift; sourceTree = "<group>"; };
		36A56368287B4E6F00E24D83 /* README.md */ = {isa = PBXFileReference; lastKnownFileType = net.daringfireball.markdown; path = README.md; sourceTree = "<group>"; };
		36A5636A287BAA8B00E24D83 /* POI.swift */ = {isa = PBXFileReference; lastKnownFileType = sourcecode.swift; path = POI.swift; sourceTree = "<group>"; };
		36A5636C287DAB3700E24D83 /* CreatePOIView.swift */ = {isa = PBXFileReference; lastKnownFileType = sourcecode.swift; path = CreatePOIView.swift; sourceTree = "<group>"; };
		36A5636E287DABC100E24D83 /* POIService.swift */ = {isa = PBXFileReference; lastKnownFileType = sourcecode.swift; path = POIService.swift; sourceTree = "<group>"; };
		36A56371287DADC500E24D83 /* POIServiceTests.swift */ = {isa = PBXFileReference; lastKnownFileType = sourcecode.swift; path = POIServiceTests.swift; sourceTree = "<group>"; };
		36AB94C72875DB3D005F39FE /* PlacesListView.swift */ = {isa = PBXFileReference; lastKnownFileType = sourcecode.swift; path = PlacesListView.swift; sourceTree = "<group>"; };
		36AB94C92877972A005F39FE /* AddPlaceView.swift */ = {isa = PBXFileReference; lastKnownFileType = sourcecode.swift; path = AddPlaceView.swift; sourceTree = "<group>"; };
		36AB94CC2877BCFA005F39FE /* MapChooser.swift */ = {isa = PBXFileReference; lastKnownFileType = sourcecode.swift; path = MapChooser.swift; sourceTree = "<group>"; };
		36E47B5328749CB90094094C /* MapPlaceView.swift */ = {isa = PBXFileReference; lastKnownFileType = sourcecode.swift; path = MapPlaceView.swift; sourceTree = "<group>"; };
		36E47B552874E11F0094094C /* AllowedView.swift */ = {isa = PBXFileReference; lastKnownFileType = sourcecode.swift; path = AllowedView.swift; sourceTree = "<group>"; };
/* End PBXFileReference section */

/* Begin PBXFrameworksBuildPhase section */
		3675E10C2870A195000F6C96 /* Frameworks */ = {
			isa = PBXFrameworksBuildPhase;
			buildActionMask = 2147483647;
			files = (
			);
			runOnlyForDeploymentPostprocessing = 0;
		};
		3675E11C2870A197000F6C96 /* Frameworks */ = {
			isa = PBXFrameworksBuildPhase;
			buildActionMask = 2147483647;
			files = (
			);
			runOnlyForDeploymentPostprocessing = 0;
		};
		3675E1262870A197000F6C96 /* Frameworks */ = {
			isa = PBXFrameworksBuildPhase;
			buildActionMask = 2147483647;
			files = (
			);
			runOnlyForDeploymentPostprocessing = 0;
		};
/* End PBXFrameworksBuildPhase section */

/* Begin PBXGroup section */
		36047793287F171000A70CA7 /* Deprecated */ = {
			isa = PBXGroup;
			children = (
				36514D582871EA400076B7FA /* PlacesView.swift */,
				36514D65287214EC0076B7FA /* OtherPlacesScrollView.swift */,
			);
			path = Deprecated;
			sourceTree = "<group>";
		};
		36514D552871E9380076B7FA /* Views */ = {
			isa = PBXGroup;
			children = (
				36047793287F171000A70CA7 /* Deprecated */,
				36AB94CB2877BCEB005F39FE /* Components */,
				3675E1142870A195000F6C96 /* MapDialogView.swift */,
				36514D562871E9440076B7FA /* PlacesNavigationView.swift */,
				36514D5C2871EBA10076B7FA /* PlaceDetailView.swift */,
				36514D5E2871EBEA0076B7FA /* TitleView.swift */,
				36514D6328720B010076B7FA /* PlaceImage.swift */,
				36E47B5328749CB90094094C /* MapPlaceView.swift */,
				36AB94C72875DB3D005F39FE /* PlacesListView.swift */,
				36AB94C92877972A005F39FE /* AddPlaceView.swift */,
				36A5636C287DAB3700E24D83 /* CreatePOIView.swift */,
				36047791287F164F00A70CA7 /* MainView.swift */,
				36047794287F180000A70CA7 /* POIListView.swift */,
			);
			path = Views;
			sourceTree = "<group>";
		};
		3675E1062870A195000F6C96 = {
			isa = PBXGroup;
			children = (
				36A56368287B4E6F00E24D83 /* README.md */,
				3675E1112870A195000F6C96 /* SUP-Project */,
				3675E1222870A197000F6C96 /* SUP-ProjectTests */,
				3675E12C2870A197000F6C96 /* SUP-ProjectUITests */,
				3675E1102870A195000F6C96 /* Products */,
			);
			sourceTree = "<group>";
		};
		3675E1102870A195000F6C96 /* Products */ = {
			isa = PBXGroup;
			children = (
				3675E10F2870A195000F6C96 /* SUP-Project.app */,
				3675E11F2870A197000F6C96 /* SUP-ProjectTests.xctest */,
				3675E1292870A197000F6C96 /* SUP-ProjectUITests.xctest */,
			);
			name = Products;
			sourceTree = "<group>";
		};
		3675E1112870A195000F6C96 /* SUP-Project */ = {
			isa = PBXGroup;
			children = (
				36514D622871ED9B0076B7FA /* Info.plist */,
				36A563652878B38D00E24D83 /* Extensions */,
				36514D552871E9380076B7FA /* Views */,
				3675E1462871E573000F6C96 /* Services */,
				3675E1402871E382000F6C96 /* Model */,
				3675E1122870A195000F6C96 /* SUP_ProjectApp.swift */,
				3675E1162870A196000F6C96 /* Assets.xcassets */,
				3675E1182870A197000F6C96 /* Preview Content */,
			);
			path = "SUP-Project";
			sourceTree = "<group>";
		};
		3675E1182870A197000F6C96 /* Preview Content */ = {
			isa = PBXGroup;
			children = (
				3675E1192870A197000F6C96 /* Preview Assets.xcassets */,
			);
			path = "Preview Content";
			sourceTree = "<group>";
		};
		3675E1222870A197000F6C96 /* SUP-ProjectTests */ = {
			isa = PBXGroup;
			children = (
				36A56370287DADB400E24D83 /* Services */,
				3675E1412871E3AB000F6C96 /* Model */,
				3675E1232870A197000F6C96 /* SUP_ProjectTests.swift */,
			);
			path = "SUP-ProjectTests";
			sourceTree = "<group>";
		};
		3675E12C2870A197000F6C96 /* SUP-ProjectUITests */ = {
			isa = PBXGroup;
			children = (
				3675E12D2870A197000F6C96 /* SUP_ProjectUITests.swift */,
				3675E12F2870A197000F6C96 /* SUP_ProjectUITestsLaunchTests.swift */,
			);
			path = "SUP-ProjectUITests";
			sourceTree = "<group>";
		};
		3675E1402871E382000F6C96 /* Model */ = {
			isa = PBXGroup;
			children = (
				3675E13C2870A570000F6C96 /* Place.swift */,
				3675E13E2871E156000F6C96 /* places.json */,
				36A563632878774B00E24D83 /* Theme.swift */,
				36A5636A287BAA8B00E24D83 /* POI.swift */,
			);
			path = Model;
			sourceTree = "<group>";
		};
		3675E1412871E3AB000F6C96 /* Model */ = {
			isa = PBXGroup;
			children = (
				3675E1422871E3BD000F6C96 /* PlaceTests.swift */,
				36514D532871E6A60076B7FA /* MapContentServiceTests.swift */,
			);
			path = Model;
			sourceTree = "<group>";
		};
		3675E1462871E573000F6C96 /* Services */ = {
			isa = PBXGroup;
			children = (
				3675E1442871E548000F6C96 /* MapContentService.swift */,
				36A5636E287DABC100E24D83 /* POIService.swift */,
			);
			path = Services;
			sourceTree = "<group>";
		};
		36A563652878B38D00E24D83 /* Extensions */ = {
			isa = PBXGroup;
			children = (
				36A563662878B3B200E24D83 /* ColorExtensions.swift */,
			);
			path = Extensions;
			sourceTree = "<group>";
		};
		36A56370287DADB400E24D83 /* Services */ = {
			isa = PBXGroup;
			children = (
				36A56371287DADC500E24D83 /* POIServiceTests.swift */,
			);
			path = Services;
			sourceTree = "<group>";
		};
		36AB94CB2877BCEB005F39FE /* Components */ = {
			isa = PBXGroup;
			children = (
				36514D5A2871EA540076B7FA /* PleasantBackgroundView.swift */,
				36E47B552874E11F0094094C /* AllowedView.swift */,
				36AB94CC2877BCFA005F39FE /* MapChooser.swift */,
				3604778F287F11D700A70CA7 /* POITypePicker.swift */,
			);
			path = Components;
			sourceTree = "<group>";
		};
/* End PBXGroup section */

/* Begin PBXNativeTarget section */
		3675E10E2870A195000F6C96 /* SUP-Project */ = {
			isa = PBXNativeTarget;
			buildConfigurationList = 3675E1332870A197000F6C96 /* Build configuration list for PBXNativeTarget "SUP-Project" */;
			buildPhases = (
				3675E10B2870A195000F6C96 /* Sources */,
				3675E10C2870A195000F6C96 /* Frameworks */,
				3675E10D2870A195000F6C96 /* Resources */,
			);
			buildRules = (
			);
			dependencies = (
			);
			name = "SUP-Project";
			productName = "SUP-Project";
			productReference = 3675E10F2870A195000F6C96 /* SUP-Project.app */;
			productType = "com.apple.product-type.application";
		};
		3675E11E2870A197000F6C96 /* SUP-ProjectTests */ = {
			isa = PBXNativeTarget;
			buildConfigurationList = 3675E1362870A197000F6C96 /* Build configuration list for PBXNativeTarget "SUP-ProjectTests" */;
			buildPhases = (
				3675E11B2870A197000F6C96 /* Sources */,
				3675E11C2870A197000F6C96 /* Frameworks */,
				3675E11D2870A197000F6C96 /* Resources */,
			);
			buildRules = (
			);
			dependencies = (
				3675E1212870A197000F6C96 /* PBXTargetDependency */,
			);
			name = "SUP-ProjectTests";
			productName = "SUP-ProjectTests";
			productReference = 3675E11F2870A197000F6C96 /* SUP-ProjectTests.xctest */;
			productType = "com.apple.product-type.bundle.unit-test";
		};
		3675E1282870A197000F6C96 /* SUP-ProjectUITests */ = {
			isa = PBXNativeTarget;
			buildConfigurationList = 3675E1392870A197000F6C96 /* Build configuration list for PBXNativeTarget "SUP-ProjectUITests" */;
			buildPhases = (
				3675E1252870A197000F6C96 /* Sources */,
				3675E1262870A197000F6C96 /* Frameworks */,
				3675E1272870A197000F6C96 /* Resources */,
			);
			buildRules = (
			);
			dependencies = (
				3675E12B2870A197000F6C96 /* PBXTargetDependency */,
			);
			name = "SUP-ProjectUITests";
			productName = "SUP-ProjectUITests";
			productReference = 3675E1292870A197000F6C96 /* SUP-ProjectUITests.xctest */;
			productType = "com.apple.product-type.bundle.ui-testing";
		};
/* End PBXNativeTarget section */

/* Begin PBXProject section */
		3675E1072870A195000F6C96 /* Project object */ = {
			isa = PBXProject;
			attributes = {
				BuildIndependentTargetsInParallel = 1;
				LastSwiftUpdateCheck = 1340;
				LastUpgradeCheck = 1340;
				TargetAttributes = {
					3675E10E2870A195000F6C96 = {
						CreatedOnToolsVersion = 13.4;
					};
					3675E11E2870A197000F6C96 = {
						CreatedOnToolsVersion = 13.4;
						TestTargetID = 3675E10E2870A195000F6C96;
					};
					3675E1282870A197000F6C96 = {
						CreatedOnToolsVersion = 13.4;
						TestTargetID = 3675E10E2870A195000F6C96;
					};
				};
			};
			buildConfigurationList = 3675E10A2870A195000F6C96 /* Build configuration list for PBXProject "SUP-Project" */;
			compatibilityVersion = "Xcode 13.0";
			developmentRegion = en;
			hasScannedForEncodings = 0;
			knownRegions = (
				en,
				Base,
			);
			mainGroup = 3675E1062870A195000F6C96;
			productRefGroup = 3675E1102870A195000F6C96 /* Products */;
			projectDirPath = "";
			projectRoot = "";
			targets = (
				3675E10E2870A195000F6C96 /* SUP-Project */,
				3675E11E2870A197000F6C96 /* SUP-ProjectTests */,
				3675E1282870A197000F6C96 /* SUP-ProjectUITests */,
			);
		};
/* End PBXProject section */

/* Begin PBXResourcesBuildPhase section */
		3675E10D2870A195000F6C96 /* Resources */ = {
			isa = PBXResourcesBuildPhase;
			buildActionMask = 2147483647;
			files = (
				3675E13F2871E156000F6C96 /* places.json in Resources */,
				3675E11A2870A197000F6C96 /* Preview Assets.xcassets in Resources */,
				36A56369287B4E6F00E24D83 /* README.md in Resources */,
				3675E1172870A196000F6C96 /* Assets.xcassets in Resources */,
			);
			runOnlyForDeploymentPostprocessing = 0;
		};
		3675E11D2870A197000F6C96 /* Resources */ = {
			isa = PBXResourcesBuildPhase;
			buildActionMask = 2147483647;
			files = (
			);
			runOnlyForDeploymentPostprocessing = 0;
		};
		3675E1272870A197000F6C96 /* Resources */ = {
			isa = PBXResourcesBuildPhase;
			buildActionMask = 2147483647;
			files = (
			);
			runOnlyForDeploymentPostprocessing = 0;
		};
/* End PBXResourcesBuildPhase section */

/* Begin PBXSourcesBuildPhase section */
		3675E10B2870A195000F6C96 /* Sources */ = {
			isa = PBXSourcesBuildPhase;
			buildActionMask = 2147483647;
			files = (
				36A5636B287BAA8B00E24D83 /* POI.swift in Sources */,
				36514D592871EA400076B7FA /* PlacesView.swift in Sources */,
				36514D5D2871EBA10076B7FA /* PlaceDetailView.swift in Sources */,
				36047795287F180000A70CA7 /* POIListView.swift in Sources */,
				36514D66287214EC0076B7FA /* OtherPlacesScrollView.swift in Sources */,
				36514D5B2871EA540076B7FA /* PleasantBackgroundView.swift in Sources */,
				36A5636D287DAB3700E24D83 /* CreatePOIView.swift in Sources */,
				36A5636F287DABC100E24D83 /* POIService.swift in Sources */,
				3675E1452871E548000F6C96 /* MapContentService.swift in Sources */,
				36A563672878B3B200E24D83 /* ColorExtensions.swift in Sources */,
				36514D572871E9440076B7FA /* PlacesNavigationView.swift in Sources */,
				36514D5F2871EBEA0076B7FA /* TitleView.swift in Sources */,
				3675E13D2870A570000F6C96 /* Place.swift in Sources */,
				36514D6428720B010076B7FA /* PlaceImage.swift in Sources */,
				3675E1152870A195000F6C96 /* MapDialogView.swift in Sources */,
				3675E1132870A195000F6C96 /* SUP_ProjectApp.swift in Sources */,
				36E47B562874E11F0094094C /* AllowedView.swift in Sources */,
				36AB94CD2877BCFA005F39FE /* MapChooser.swift in Sources */,
				36E47B5428749CB90094094C /* MapPlaceView.swift in Sources */,
				36047790287F11D700A70CA7 /* POITypePicker.swift in Sources */,
				36047792287F164F00A70CA7 /* MainView.swift in Sources */,
				36AB94C82875DB3E005F39FE /* PlacesListView.swift in Sources */,
				36AB94CA2877972A005F39FE /* AddPlaceView.swift in Sources */,
				36A563642878774B00E24D83 /* Theme.swift in Sources */,
			);
			runOnlyForDeploymentPostprocessing = 0;
		};
		3675E11B2870A197000F6C96 /* Sources */ = {
			isa = PBXSourcesBuildPhase;
			buildActionMask = 2147483647;
			files = (
				36A56372287DADC500E24D83 /* POIServiceTests.swift in Sources */,
				3675E1242870A197000F6C96 /* SUP_ProjectTests.swift in Sources */,
				36514D542871E6A60076B7FA /* MapContentServiceTests.swift in Sources */,
				3675E1432871E3BD000F6C96 /* PlaceTests.swift in Sources */,
			);
			runOnlyForDeploymentPostprocessing = 0;
		};
		3675E1252870A197000F6C96 /* Sources */ = {
			isa = PBXSourcesBuildPhase;
			buildActionMask = 2147483647;
			files = (
				3675E12E2870A197000F6C96 /* SUP_ProjectUITests.swift in Sources */,
				3675E1302870A197000F6C96 /* SUP_ProjectUITestsLaunchTests.swift in Sources */,
			);
			runOnlyForDeploymentPostprocessing = 0;
		};
/* End PBXSourcesBuildPhase section */

/* Begin PBXTargetDependency section */
		3675E1212870A197000F6C96 /* PBXTargetDependency */ = {
			isa = PBXTargetDependency;
			target = 3675E10E2870A195000F6C96 /* SUP-Project */;
			targetProxy = 3675E1202870A197000F6C96 /* PBXContainerItemProxy */;
		};
		3675E12B2870A197000F6C96 /* PBXTargetDependency */ = {
			isa = PBXTargetDependency;
			target = 3675E10E2870A195000F6C96 /* SUP-Project */;
			targetProxy = 3675E12A2870A197000F6C96 /* PBXContainerItemProxy */;
		};
/* End PBXTargetDependency section */

/* Begin XCBuildConfiguration section */
		3675E1312870A197000F6C96 /* Debug */ = {
			isa = XCBuildConfiguration;
			buildSettings = {
				ALWAYS_SEARCH_USER_PATHS = NO;
				CLANG_ANALYZER_NONNULL = YES;
				CLANG_ANALYZER_NUMBER_OBJECT_CONVERSION = YES_AGGRESSIVE;
				CLANG_CXX_LANGUAGE_STANDARD = "gnu++17";
				CLANG_ENABLE_MODULES = YES;
				CLANG_ENABLE_OBJC_ARC = YES;
				CLANG_ENABLE_OBJC_WEAK = YES;
				CLANG_WARN_BLOCK_CAPTURE_AUTORELEASING = YES;
				CLANG_WARN_BOOL_CONVERSION = YES;
				CLANG_WARN_COMMA = YES;
				CLANG_WARN_CONSTANT_CONVERSION = YES;
				CLANG_WARN_DEPRECATED_OBJC_IMPLEMENTATIONS = YES;
				CLANG_WARN_DIRECT_OBJC_ISA_USAGE = YES_ERROR;
				CLANG_WARN_DOCUMENTATION_COMMENTS = YES;
				CLANG_WARN_EMPTY_BODY = YES;
				CLANG_WARN_ENUM_CONVERSION = YES;
				CLANG_WARN_INFINITE_RECURSION = YES;
				CLANG_WARN_INT_CONVERSION = YES;
				CLANG_WARN_NON_LITERAL_NULL_CONVERSION = YES;
				CLANG_WARN_OBJC_IMPLICIT_RETAIN_SELF = YES;
				CLANG_WARN_OBJC_LITERAL_CONVERSION = YES;
				CLANG_WARN_OBJC_ROOT_CLASS = YES_ERROR;
				CLANG_WARN_QUOTED_INCLUDE_IN_FRAMEWORK_HEADER = YES;
				CLANG_WARN_RANGE_LOOP_ANALYSIS = YES;
				CLANG_WARN_STRICT_PROTOTYPES = YES;
				CLANG_WARN_SUSPICIOUS_MOVE = YES;
				CLANG_WARN_UNGUARDED_AVAILABILITY = YES_AGGRESSIVE;
				CLANG_WARN_UNREACHABLE_CODE = YES;
				CLANG_WARN__DUPLICATE_METHOD_MATCH = YES;
				COPY_PHASE_STRIP = NO;
				DEBUG_INFORMATION_FORMAT = dwarf;
				ENABLE_STRICT_OBJC_MSGSEND = YES;
				ENABLE_TESTABILITY = YES;
				GCC_C_LANGUAGE_STANDARD = gnu11;
				GCC_DYNAMIC_NO_PIC = NO;
				GCC_NO_COMMON_BLOCKS = YES;
				GCC_OPTIMIZATION_LEVEL = 0;
				GCC_PREPROCESSOR_DEFINITIONS = (
					"DEBUG=1",
					"$(inherited)",
				);
				GCC_WARN_64_TO_32_BIT_CONVERSION = YES;
				GCC_WARN_ABOUT_RETURN_TYPE = YES_ERROR;
				GCC_WARN_UNDECLARED_SELECTOR = YES;
				GCC_WARN_UNINITIALIZED_AUTOS = YES_AGGRESSIVE;
				GCC_WARN_UNUSED_FUNCTION = YES;
				GCC_WARN_UNUSED_VARIABLE = YES;
				IPHONEOS_DEPLOYMENT_TARGET = 15.0;
				MTL_ENABLE_DEBUG_INFO = INCLUDE_SOURCE;
				MTL_FAST_MATH = YES;
				ONLY_ACTIVE_ARCH = YES;
				SDKROOT = iphoneos;
				SWIFT_ACTIVE_COMPILATION_CONDITIONS = DEBUG;
				SWIFT_OPTIMIZATION_LEVEL = "-Onone";
			};
			name = Debug;
		};
		3675E1322870A197000F6C96 /* Release */ = {
			isa = XCBuildConfiguration;
			buildSettings = {
				ALWAYS_SEARCH_USER_PATHS = NO;
				CLANG_ANALYZER_NONNULL = YES;
				CLANG_ANALYZER_NUMBER_OBJECT_CONVERSION = YES_AGGRESSIVE;
				CLANG_CXX_LANGUAGE_STANDARD = "gnu++17";
				CLANG_ENABLE_MODULES = YES;
				CLANG_ENABLE_OBJC_ARC = YES;
				CLANG_ENABLE_OBJC_WEAK = YES;
				CLANG_WARN_BLOCK_CAPTURE_AUTORELEASING = YES;
				CLANG_WARN_BOOL_CONVERSION = YES;
				CLANG_WARN_COMMA = YES;
				CLANG_WARN_CONSTANT_CONVERSION = YES;
				CLANG_WARN_DEPRECATED_OBJC_IMPLEMENTATIONS = YES;
				CLANG_WARN_DIRECT_OBJC_ISA_USAGE = YES_ERROR;
				CLANG_WARN_DOCUMENTATION_COMMENTS = YES;
				CLANG_WARN_EMPTY_BODY = YES;
				CLANG_WARN_ENUM_CONVERSION = YES;
				CLANG_WARN_INFINITE_RECURSION = YES;
				CLANG_WARN_INT_CONVERSION = YES;
				CLANG_WARN_NON_LITERAL_NULL_CONVERSION = YES;
				CLANG_WARN_OBJC_IMPLICIT_RETAIN_SELF = YES;
				CLANG_WARN_OBJC_LITERAL_CONVERSION = YES;
				CLANG_WARN_OBJC_ROOT_CLASS = YES_ERROR;
				CLANG_WARN_QUOTED_INCLUDE_IN_FRAMEWORK_HEADER = YES;
				CLANG_WARN_RANGE_LOOP_ANALYSIS = YES;
				CLANG_WARN_STRICT_PROTOTYPES = YES;
				CLANG_WARN_SUSPICIOUS_MOVE = YES;
				CLANG_WARN_UNGUARDED_AVAILABILITY = YES_AGGRESSIVE;
				CLANG_WARN_UNREACHABLE_CODE = YES;
				CLANG_WARN__DUPLICATE_METHOD_MATCH = YES;
				COPY_PHASE_STRIP = NO;
				DEBUG_INFORMATION_FORMAT = "dwarf-with-dsym";
				ENABLE_NS_ASSERTIONS = NO;
				ENABLE_STRICT_OBJC_MSGSEND = YES;
				GCC_C_LANGUAGE_STANDARD = gnu11;
				GCC_NO_COMMON_BLOCKS = YES;
				GCC_WARN_64_TO_32_BIT_CONVERSION = YES;
				GCC_WARN_ABOUT_RETURN_TYPE = YES_ERROR;
				GCC_WARN_UNDECLARED_SELECTOR = YES;
				GCC_WARN_UNINITIALIZED_AUTOS = YES_AGGRESSIVE;
				GCC_WARN_UNUSED_FUNCTION = YES;
				GCC_WARN_UNUSED_VARIABLE = YES;
				IPHONEOS_DEPLOYMENT_TARGET = 15.0;
				MTL_ENABLE_DEBUG_INFO = NO;
				MTL_FAST_MATH = YES;
				SDKROOT = iphoneos;
				SWIFT_COMPILATION_MODE = wholemodule;
				SWIFT_OPTIMIZATION_LEVEL = "-O";
				VALIDATE_PRODUCT = YES;
			};
			name = Release;
		};
		3675E1342870A197000F6C96 /* Debug */ = {
			isa = XCBuildConfiguration;
			buildSettings = {
				ASSETCATALOG_COMPILER_APPICON_NAME = AppIcon;
				ASSETCATALOG_COMPILER_GLOBAL_ACCENT_COLOR_NAME = AccentColor;
				CODE_SIGN_STYLE = Automatic;
				CURRENT_PROJECT_VERSION = 1;
				DEVELOPMENT_ASSET_PATHS = "\"SUP-Project/Preview Content\"";
				DEVELOPMENT_TEAM = 268S5GJFWZ;
				ENABLE_PREVIEWS = YES;
				GENERATE_INFOPLIST_FILE = YES;
				INFOPLIST_FILE = "SUP-Project/Info.plist";
				INFOPLIST_KEY_NSLocationWhenInUseUsageDescription = "Your location is needed to show you on the map.";
				INFOPLIST_KEY_UIApplicationSceneManifest_Generation = YES;
				INFOPLIST_KEY_UIApplicationSupportsIndirectInputEvents = YES;
				INFOPLIST_KEY_UILaunchScreen_Generation = YES;
				INFOPLIST_KEY_UISupportedInterfaceOrientations_iPad = "UIInterfaceOrientationPortrait UIInterfaceOrientationPortraitUpsideDown UIInterfaceOrientationLandscapeLeft UIInterfaceOrientationLandscapeRight";
				INFOPLIST_KEY_UISupportedInterfaceOrientations_iPhone = "UIInterfaceOrientationPortrait UIInterfaceOrientationLandscapeLeft UIInterfaceOrientationLandscapeRight";
				LD_RUNPATH_SEARCH_PATHS = (
					"$(inherited)",
					"@executable_path/Frameworks",
				);
				MARKETING_VERSION = 1.0;
				PRODUCT_BUNDLE_IDENTIFIER = "com.icolasoft.SUP-Project";
				PRODUCT_NAME = "$(TARGET_NAME)";
				SWIFT_EMIT_LOC_STRINGS = YES;
				SWIFT_VERSION = 5.0;
				TARGETED_DEVICE_FAMILY = "1,2";
			};
			name = Debug;
		};
		3675E1352870A197000F6C96 /* Release */ = {
			isa = XCBuildConfiguration;
			buildSettings = {
				ASSETCATALOG_COMPILER_APPICON_NAME = AppIcon;
				ASSETCATALOG_COMPILER_GLOBAL_ACCENT_COLOR_NAME = AccentColor;
				CODE_SIGN_STYLE = Automatic;
				CURRENT_PROJECT_VERSION = 1;
				DEVELOPMENT_ASSET_PATHS = "\"SUP-Project/Preview Content\"";
				DEVELOPMENT_TEAM = 268S5GJFWZ;
				ENABLE_PREVIEWS = YES;
				GENERATE_INFOPLIST_FILE = YES;
				INFOPLIST_FILE = "SUP-Project/Info.plist";
				INFOPLIST_KEY_NSLocationWhenInUseUsageDescription = "Your location is needed to show you on the map.";
				INFOPLIST_KEY_UIApplicationSceneManifest_Generation = YES;
				INFOPLIST_KEY_UIApplicationSupportsIndirectInputEvents = YES;
				INFOPLIST_KEY_UILaunchScreen_Generation = YES;
				INFOPLIST_KEY_UISupportedInterfaceOrientations_iPad = "UIInterfaceOrientationPortrait UIInterfaceOrientationPortraitUpsideDown UIInterfaceOrientationLandscapeLeft UIInterfaceOrientationLandscapeRight";
				INFOPLIST_KEY_UISupportedInterfaceOrientations_iPhone = "UIInterfaceOrientationPortrait UIInterfaceOrientationLandscapeLeft UIInterfaceOrientationLandscapeRight";
				LD_RUNPATH_SEARCH_PATHS = (
					"$(inherited)",
					"@executable_path/Frameworks",
				);
				MARKETING_VERSION = 1.0;
				PRODUCT_BUNDLE_IDENTIFIER = "com.icolasoft.SUP-Project";
				PRODUCT_NAME = "$(TARGET_NAME)";
				SWIFT_EMIT_LOC_STRINGS = YES;
				SWIFT_VERSION = 5.0;
				TARGETED_DEVICE_FAMILY = "1,2";
			};
			name = Release;
		};
		3675E1372870A197000F6C96 /* Debug */ = {
			isa = XCBuildConfiguration;
			buildSettings = {
				ALWAYS_EMBED_SWIFT_STANDARD_LIBRARIES = YES;
				BUNDLE_LOADER = "$(TEST_HOST)";
				CODE_SIGN_STYLE = Automatic;
				CURRENT_PROJECT_VERSION = 1;
				DEVELOPMENT_TEAM = 268S5GJFWZ;
				GENERATE_INFOPLIST_FILE = YES;
				IPHONEOS_DEPLOYMENT_TARGET = 15.5;
				MARKETING_VERSION = 1.0;
				PRODUCT_BUNDLE_IDENTIFIER = "com.icolasoft.SUP-ProjectTests";
				PRODUCT_NAME = "$(TARGET_NAME)";
				SWIFT_EMIT_LOC_STRINGS = NO;
				SWIFT_VERSION = 5.0;
				TARGETED_DEVICE_FAMILY = "1,2";
				TEST_HOST = "$(BUILT_PRODUCTS_DIR)/SUP-Project.app/SUP-Project";
			};
			name = Debug;
		};
		3675E1382870A197000F6C96 /* Release */ = {
			isa = XCBuildConfiguration;
			buildSettings = {
				ALWAYS_EMBED_SWIFT_STANDARD_LIBRARIES = YES;
				BUNDLE_LOADER = "$(TEST_HOST)";
				CODE_SIGN_STYLE = Automatic;
				CURRENT_PROJECT_VERSION = 1;
				DEVELOPMENT_TEAM = 268S5GJFWZ;
				GENERATE_INFOPLIST_FILE = YES;
				IPHONEOS_DEPLOYMENT_TARGET = 15.5;
				MARKETING_VERSION = 1.0;
				PRODUCT_BUNDLE_IDENTIFIER = "com.icolasoft.SUP-ProjectTests";
				PRODUCT_NAME = "$(TARGET_NAME)";
				SWIFT_EMIT_LOC_STRINGS = NO;
				SWIFT_VERSION = 5.0;
				TARGETED_DEVICE_FAMILY = "1,2";
				TEST_HOST = "$(BUILT_PRODUCTS_DIR)/SUP-Project.app/SUP-Project";
			};
			name = Release;
		};
		3675E13A2870A197000F6C96 /* Debug */ = {
			isa = XCBuildConfiguration;
			buildSettings = {
				ALWAYS_EMBED_SWIFT_STANDARD_LIBRARIES = YES;
				CODE_SIGN_STYLE = Automatic;
				CURRENT_PROJECT_VERSION = 1;
				DEVELOPMENT_TEAM = 268S5GJFWZ;
				GENERATE_INFOPLIST_FILE = YES;
				MARKETING_VERSION = 1.0;
				PRODUCT_BUNDLE_IDENTIFIER = "com.icolasoft.SUP-ProjectUITests";
				PRODUCT_NAME = "$(TARGET_NAME)";
				SWIFT_EMIT_LOC_STRINGS = NO;
				SWIFT_VERSION = 5.0;
				TARGETED_DEVICE_FAMILY = "1,2";
				TEST_TARGET_NAME = "SUP-Project";
			};
			name = Debug;
		};
		3675E13B2870A197000F6C96 /* Release */ = {
			isa = XCBuildConfiguration;
			buildSettings = {
				ALWAYS_EMBED_SWIFT_STANDARD_LIBRARIES = YES;
				CODE_SIGN_STYLE = Automatic;
				CURRENT_PROJECT_VERSION = 1;
				DEVELOPMENT_TEAM = 268S5GJFWZ;
				GENERATE_INFOPLIST_FILE = YES;
				MARKETING_VERSION = 1.0;
				PRODUCT_BUNDLE_IDENTIFIER = "com.icolasoft.SUP-ProjectUITests";
				PRODUCT_NAME = "$(TARGET_NAME)";
				SWIFT_EMIT_LOC_STRINGS = NO;
				SWIFT_VERSION = 5.0;
				TARGETED_DEVICE_FAMILY = "1,2";
				TEST_TARGET_NAME = "SUP-Project";
			};
			name = Release;
		};
/* End XCBuildConfiguration section */

/* Begin XCConfigurationList section */
		3675E10A2870A195000F6C96 /* Build configuration list for PBXProject "SUP-Project" */ = {
			isa = XCConfigurationList;
			buildConfigurations = (
				3675E1312870A197000F6C96 /* Debug */,
				3675E1322870A197000F6C96 /* Release */,
			);
			defaultConfigurationIsVisible = 0;
			defaultConfigurationName = Release;
		};
		3675E1332870A197000F6C96 /* Build configuration list for PBXNativeTarget "SUP-Project" */ = {
			isa = XCConfigurationList;
			buildConfigurations = (
				3675E1342870A197000F6C96 /* Debug */,
				3675E1352870A197000F6C96 /* Release */,
			);
			defaultConfigurationIsVisible = 0;
			defaultConfigurationName = Release;
		};
		3675E1362870A197000F6C96 /* Build configuration list for PBXNativeTarget "SUP-ProjectTests" */ = {
			isa = XCConfigurationList;
			buildConfigurations = (
				3675E1372870A197000F6C96 /* Debug */,
				3675E1382870A197000F6C96 /* Release */,
			);
			defaultConfigurationIsVisible = 0;
			defaultConfigurationName = Release;
		};
		3675E1392870A197000F6C96 /* Build configuration list for PBXNativeTarget "SUP-ProjectUITests" */ = {
			isa = XCConfigurationList;
			buildConfigurations = (
				3675E13A2870A197000F6C96 /* Debug */,
				3675E13B2870A197000F6C96 /* Release */,
			);
			defaultConfigurationIsVisible = 0;
			defaultConfigurationName = Release;
		};
/* End XCConfigurationList section */
	};
	rootObject = 3675E1072870A195000F6C96 /* Project object */;
}
